
Microsoft Visual Studio Solution File, Format Version 12.00
# Visual Studio Version 17
VisualStudioVersion = 17.6.33815.320
MinimumVisualStudioVersion = 10.0.40219.1
Project("{FAE04EC0-301F-11D3-BF4B-00C04F79EFBC}") = "evaluation-02", "evaluation-02.csproj", "{B4810CE9-CEEF-4ED8-A621-BDDCD7ACEDA1}"
EndProject
Project("{2150E333-8FDC-42A3-9474-1A3956D46DE8}") = "Solution Items", "Solution Items", "{C36AA4AD-4760-48C4-AD0F-418136692626}"
	ProjectSection(SolutionItems) = preProject
		books.cs = books.cs
	EndProjectSection
EndProject
Global
	GlobalSection(SolutionConfigurationPlatforms) = preSolution
		Debug|Any CPU = Debug|Any CPU
		Release|Any CPU = Release|Any CPU
	EndGlobalSection
	GlobalSection(ProjectConfigurationPlatforms) = postSolution
		{B4810CE9-CEEF-4ED8-A621-BDDCD7ACEDA1}.Debug|Any CPU.ActiveCfg = Debug|Any CPU
		{B4810CE9-CEEF-4ED8-A621-BDDCD7ACEDA1}.Debug|Any CPU.Build.0 = Debug|Any CPU
		{B4810CE9-CEEF-4ED8-A621-BDDCD7ACEDA1}.Release|Any CPU.ActiveCfg = Release|Any CPU
		{B4810CE9-CEEF-4ED8-A621-BDDCD7ACEDA1}.Release|Any CPU.Build.0 = Release|Any CPU
	EndGlobalSection
	GlobalSection(SolutionProperties) = preSolution
		HideSolutionNode = FALSE
	EndGlobalSection
	GlobalSection(ExtensibilityGlobals) = postSolution
		SolutionGuid = {169B5FAA-BF81-4A22-A2DB-C60406CBA935}
	EndGlobalSection
EndGlobal
